
Microsoft Visual Studio Solution File, Format Version 12.00
# Visual Studio Version 17
VisualStudioVersion = 17.11.35219.272
MinimumVisualStudioVersion = 10.0.40219.1
Project("{FAE04EC0-301F-11D3-BF4B-00C04F79EFBC}") = "APILayer", "APILayer\APILayer.csproj", "{031E65A5-83DC-4551-A0F9-E52753ADEBED}"
EndProject
Project("{FAE04EC0-301F-11D3-BF4B-00C04F79EFBC}") = "UI", "UI\UI.csproj", "{F5B26FB1-2CB7-4121-87FE-14C3B92BF1F1}"
EndProject
Global
	GlobalSection(SolutionConfigurationPlatforms) = preSolution
		Debug|Any CPU = Debug|Any CPU
		Release|Any CPU = Release|Any CPU
	EndGlobalSection
	GlobalSection(ProjectConfigurationPlatforms) = postSolution
		{031E65A5-83DC-4551-A0F9-E52753ADEBED}.Debug|Any CPU.ActiveCfg = Debug|Any CPU
		{031E65A5-83DC-4551-A0F9-E52753ADEBED}.Debug|Any CPU.Build.0 = Debug|Any CPU
		{031E65A5-83DC-4551-A0F9-E52753ADEBED}.Release|Any CPU.ActiveCfg = Release|Any CPU
		{031E65A5-83DC-4551-A0F9-E52753ADEBED}.Release|Any CPU.Build.0 = Release|Any CPU
		{F5B26FB1-2CB7-4121-87FE-14C3B92BF1F1}.Debug|Any CPU.ActiveCfg = Debug|Any CPU
		{F5B26FB1-2CB7-4121-87FE-14C3B92BF1F1}.Debug|Any CPU.Build.0 = Debug|Any CPU
		{F5B26FB1-2CB7-4121-87FE-14C3B92BF1F1}.Release|Any CPU.ActiveCfg = Release|Any CPU
		{F5B26FB1-2CB7-4121-87FE-14C3B92BF1F1}.Release|Any CPU.Build.0 = Release|Any CPU
	EndGlobalSection
	GlobalSection(SolutionProperties) = preSolution
		HideSolutionNode = FALSE
	EndGlobalSection
	GlobalSection(ExtensibilityGlobals) = postSolution
		SolutionGuid = {074196B8-A631-4F91-AE25-420DE04324B8}
	EndGlobalSection
EndGlobal
